
Microsoft Visual Studio Solution File, Format Version 12.00
# Visual Studio Version 17
VisualStudioVersion = 17.11.35219.272
MinimumVisualStudioVersion = 10.0.40219.1
Project("{FAE04EC0-301F-11D3-BF4B-00C04F79EFBC}") = "TARpv23 C#", "TARpv23 C#\TARpv23 C#.csproj", "{CBE2194E-F6A4-4DA0-BAF3-404C36622621}"
EndProject
Global
	GlobalSection(SolutionConfigurationPlatforms) = preSolution
		Debug|Any CPU = Debug|Any CPU
		Release|Any CPU = Release|Any CPU
	EndGlobalSection
	GlobalSection(ProjectConfigurationPlatforms) = postSolution
		{CBE2194E-F6A4-4DA0-BAF3-404C36622621}.Debug|Any CPU.ActiveCfg = Debug|Any CPU
		{CBE2194E-F6A4-4DA0-BAF3-404C36622621}.Debug|Any CPU.Build.0 = Debug|Any CPU
		{CBE2194E-F6A4-4DA0-BAF3-404C36622621}.Release|Any CPU.ActiveCfg = Release|Any CPU
		{CBE2194E-F6A4-4DA0-BAF3-404C36622621}.Release|Any CPU.Build.0 = Release|Any CPU
	EndGlobalSection
	GlobalSection(SolutionProperties) = preSolution
		HideSolutionNode = FALSE
	EndGlobalSection
	GlobalSection(ExtensibilityGlobals) = postSolution
		SolutionGuid = {6BE1E8CC-30EC-4DE4-A2F2-151C1D946EDE}
	EndGlobalSection
EndGlobal
